
Microsoft Visual Studio Solution File, Format Version 12.00
# Visual Studio Version 17
VisualStudioVersion = 17.4.33205.214
MinimumVisualStudioVersion = 10.0.40219.1
Project("{9A19103F-16F7-4668-BE54-9A1E7A4F7556}") = "WebApplication1", "WebApplication1\WebApplication1.csproj", "{CAD10640-06CD-44ED-B99E-96457B04827A}"
	ProjectSection(ProjectDependencies) = postProject
		{4D524986-7E43-4DFC-BCB5-CB401A2865A7} = {4D524986-7E43-4DFC-BCB5-CB401A2865A7}
	EndProjectSection
EndProject
Project("{FAE04EC0-301F-11D3-BF4B-00C04F79EFBC}") = "DataAccess", "DataAccess\DataAccess.csproj", "{4D524986-7E43-4DFC-BCB5-CB401A2865A7}"
EndProject
Global
	GlobalSection(SolutionConfigurationPlatforms) = preSolution
		Debug|Any CPU = Debug|Any CPU
		Release|Any CPU = Release|Any CPU
	EndGlobalSection
	GlobalSection(ProjectConfigurationPlatforms) = postSolution
		{CAD10640-06CD-44ED-B99E-96457B04827A}.Debug|Any CPU.ActiveCfg = Debug|Any CPU
		{CAD10640-06CD-44ED-B99E-96457B04827A}.Debug|Any CPU.Build.0 = Debug|Any CPU
		{CAD10640-06CD-44ED-B99E-96457B04827A}.Release|Any CPU.ActiveCfg = Release|Any CPU
		{CAD10640-06CD-44ED-B99E-96457B04827A}.Release|Any CPU.Build.0 = Release|Any CPU
		{4D524986-7E43-4DFC-BCB5-CB401A2865A7}.Debug|Any CPU.ActiveCfg = Debug|Any CPU
		{4D524986-7E43-4DFC-BCB5-CB401A2865A7}.Debug|Any CPU.Build.0 = Debug|Any CPU
		{4D524986-7E43-4DFC-BCB5-CB401A2865A7}.Release|Any CPU.ActiveCfg = Release|Any CPU
		{4D524986-7E43-4DFC-BCB5-CB401A2865A7}.Release|Any CPU.Build.0 = Release|Any CPU
	EndGlobalSection
	GlobalSection(SolutionProperties) = preSolution
		HideSolutionNode = FALSE
	EndGlobalSection
	GlobalSection(ExtensibilityGlobals) = postSolution
		SolutionGuid = {9286F611-EBED-41E9-BCA4-11B94EA5776D}
	EndGlobalSection
EndGlobal
